
Microsoft Visual Studio Solution File, Format Version 12.00
# Visual Studio 15
VisualStudioVersion = 15.0.28307.2092
MinimumVisualStudioVersion = 10.0.40219.1
Project("{8BC9CEB8-8B4A-11D0-8D11-00A0C91BC942}") = "CH3.19", "CH3.19\CH3.19.vcxproj", "{EE2560CC-019C-4D52-AFB4-316E3B1E22F5}"
EndProject
Global
	GlobalSection(SolutionConfigurationPlatforms) = preSolution
		Debug|x64 = Debug|x64
		Debug|x86 = Debug|x86
		Release|x64 = Release|x64
		Release|x86 = Release|x86
	EndGlobalSection
	GlobalSection(ProjectConfigurationPlatforms) = postSolution
		{EE2560CC-019C-4D52-AFB4-316E3B1E22F5}.Debug|x64.ActiveCfg = Debug|x64
		{EE2560CC-019C-4D52-AFB4-316E3B1E22F5}.Debug|x64.Build.0 = Debug|x64
		{EE2560CC-019C-4D52-AFB4-316E3B1E22F5}.Debug|x86.ActiveCfg = Debug|Win32
		{EE2560CC-019C-4D52-AFB4-316E3B1E22F5}.Debug|x86.Build.0 = Debug|Win32
		{EE2560CC-019C-4D52-AFB4-316E3B1E22F5}.Release|x64.ActiveCfg = Release|x64
		{EE2560CC-019C-4D52-AFB4-316E3B1E22F5}.Release|x64.Build.0 = Release|x64
		{EE2560CC-019C-4D52-AFB4-316E3B1E22F5}.Release|x86.ActiveCfg = Release|Win32
		{EE2560CC-019C-4D52-AFB4-316E3B1E22F5}.Release|x86.Build.0 = Release|Win32
	EndGlobalSection
	GlobalSection(SolutionProperties) = preSolution
		HideSolutionNode = FALSE
	EndGlobalSection
	GlobalSection(ExtensibilityGlobals) = postSolution
		SolutionGuid = {7C3A29F6-C832-4B4F-8448-73485B6E75B5}
	EndGlobalSection
EndGlobal
